{
  "originHash" : "9fc0a3cb0aa04eae49d7943e56d0711fa3414e83d6f47b427aa05288f7bfb731",
  "pins" : [
    {
      "identity" : "capacitor-swift-pm",
      "kind" : "remoteSourceControl",
      "location" : "https://github.com/ionic-team/capacitor-swift-pm.git",
      "state" : {
        "revision" : "0e862e6ff13852a710c8a484180ca4d6a2cc9761",
        "version" : "8.2.0"
      }
    },
    {
      "identity" : "purchases-ios-spm",
      "kind" : "remoteSourceControl",
      "location" : "https://github.com/RevenueCat/purchases-ios-spm.git",
      "state" : {
        "revision" : "d9303831a73a13178b593f2ec2d2417252542f7c",
        "version" : "5.61.0"
      }
    }
  ],
  "version" : 3
}
